// !$*UTF8*$!
{
	archiveVersion = 1;
	classes = {
	};
	objectVersion = 48;
	objects = {

/* Begin PBXBuildFile section */
		2AFC2BA60659DE6084515933 /* libPods-TestLibAdMobAdapter.a in Frameworks */ = {isa = PBXBuildFile; fileRef = 77EE54A156B9B4624602A1A8 /* libPods-TestLibAdMobAdapter.a */; };
		BE71B3BA20346A0500024D2B /* AppDelegate.m in Sources */ = {isa = PBXBuildFile; fileRef = BE71B3B920346A0500024D2B /* AppDelegate.m */; };
		BE71B3BD20346A0500024D2B /* ViewController.m in Sources */ = {isa = PBXBuildFile; fileRef = BE71B3BC20346A0500024D2B /* ViewController.m */; };
		BE71B3C020346A0500024D2B /* Main.storyboard in Resources */ = {isa = PBXBuildFile; fileRef = BE71B3BE20346A0500024D2B /* Main.storyboard */; };
		BE71B3C220346A0500024D2B /* Assets.xcassets in Resources */ = {isa = PBXBuildFile; fileRef = BE71B3C120346A0500024D2B /* Assets.xcassets */; };
		BE71B3C520346A0500024D2B /* LaunchScreen.storyboard in Resources */ = {isa = PBXBuildFile; fileRef = BE71B3C320346A0500024D2B /* LaunchScreen.storyboard */; };
		BE71B3C820346A0500024D2B /* main.m in Sources */ = {isa = PBXBuildFile; fileRef = BE71B3C720346A0500024D2B /* main.m */; };
		BE71B3D220346A0500024D2B /* TestLibAdMobAdapterTests.m in Sources */ = {isa = PBXBuildFile; fileRef = BE71B3D120346A0500024D2B /* TestLibAdMobAdapterTests.m */; };
		BE71B3DD20346A0500024D2B /* TestLibAdMobAdapterUITests.m in Sources */ = {isa = PBXBuildFile; fileRef = BE71B3DC20346A0500024D2B /* TestLibAdMobAdapterUITests.m */; };
/* End PBXBuildFile section */

/* Begin PBXContainerItemProxy section */
		BE71B3CE20346A0500024D2B /* PBXContainerItemProxy */ = {
			isa = PBXContainerItemProxy;
			containerPortal = BE71B3AD20346A0500024D2B /* Project object */;
			proxyType = 1;
			remoteGlobalIDString = BE71B3B420346A0500024D2B;
			remoteInfo = TestLibAdMobAdapter;
		};
		BE71B3D920346A0500024D2B /* PBXContainerItemProxy */ = {
			isa = PBXContainerItemProxy;
			containerPortal = BE71B3AD20346A0500024D2B /* Project object */;
			proxyType = 1;
			remoteGlobalIDString = BE71B3B420346A0500024D2B;
			remoteInfo = TestLibAdMobAdapter;
		};
/* End PBXContainerItemProxy section */

/* Begin PBXCopyFilesBuildPhase section */
		BEE337D92042CD2200F07C68 /* Embed Frameworks */ = {
			isa = PBXCopyFilesBuildPhase;
			buildActionMask = 2147483647;
			dstPath = "";
			dstSubfolderSpec = 10;
			files = (
			);
			name = "Embed Frameworks";
			runOnlyForDeploymentPostprocessing = 0;
		};
/* End PBXCopyFilesBuildPhase section */

/* Begin PBXFileReference section */
		75AE80C189CE757F12D80B93 /* Pods-TestLibAdMobAdapter.debug.xcconfig */ = {isa = PBXFileReference; includeInIndex = 1; lastKnownFileType = text.xcconfig; name = "Pods-TestLibAdMobAdapter.debug.xcconfig"; path = "../Pods/Target Support Files/Pods-TestLibAdMobAdapter/Pods-TestLibAdMobAdapter.debug.xcconfig"; sourceTree = "<group>"; };
		77EE54A156B9B4624602A1A8 /* libPods-TestLibAdMobAdapter.a */ = {isa = PBXFileReference; explicitFileType = archive.ar; includeInIndex = 0; path = "libPods-TestLibAdMobAdapter.a"; sourceTree = BUILT_PRODUCTS_DIR; };
		9E20138BDCCBD96EE07EF7AB /* Pods-TestLibAdMobAdapter.release.xcconfig */ = {isa = PBXFileReference; includeInIndex = 1; lastKnownFileType = text.xcconfig; name = "Pods-TestLibAdMobAdapter.release.xcconfig"; path = "../Pods/Target Support Files/Pods-TestLibAdMobAdapter/Pods-TestLibAdMobAdapter.release.xcconfig"; sourceTree = "<group>"; };
		BE71B3B520346A0500024D2B /* TestLibAdMobAdapter.app */ = {isa = PBXFileReference; explicitFileType = wrapper.application; includeInIndex = 0; path = TestLibAdMobAdapter.app; sourceTree = BUILT_PRODUCTS_DIR; };
		BE71B3B820346A0500024D2B /* AppDelegate.h */ = {isa = PBXFileReference; lastKnownFileType = sourcecode.c.h; path = AppDelegate.h; sourceTree = "<group>"; };
		BE71B3B920346A0500024D2B /* AppDelegate.m */ = {isa = PBXFileReference; lastKnownFileType = sourcecode.c.objc; path = AppDelegate.m; sourceTree = "<group>"; };
		BE71B3BB20346A0500024D2B /* ViewController.h */ = {isa = PBXFileReference; lastKnownFileType = sourcecode.c.h; path = ViewController.h; sourceTree = "<group>"; };
		BE71B3BC20346A0500024D2B /* ViewController.m */ = {isa = PBXFileReference; lastKnownFileType = sourcecode.c.objc; path = ViewController.m; sourceTree = "<group>"; };
		BE71B3BF20346A0500024D2B /* Base */ = {isa = PBXFileReference; lastKnownFileType = file.storyboard; name = Base; path = Base.lproj/Main.storyboard; sourceTree = "<group>"; };
		BE71B3C120346A0500024D2B /* Assets.xcassets */ = {isa = PBXFileReference; lastKnownFileType = folder.assetcatalog; path = Assets.xcassets; sourceTree = "<group>"; };
		BE71B3C420346A0500024D2B /* Base */ = {isa = PBXFileReference; lastKnownFileType = file.storyboard; name = Base; path = Base.lproj/LaunchScreen.storyboard; sourceTree = "<group>"; };
		BE71B3C620346A0500024D2B /* Info.plist */ = {isa = PBXFileReference; lastKnownFileType = text.plist.xml; path = Info.plist; sourceTree = "<group>"; };
		BE71B3C720346A0500024D2B /* main.m */ = {isa = PBXFileReference; lastKnownFileType = sourcecode.c.objc; path = main.m; sourceTree = "<group>"; };
		BE71B3CD20346A0500024D2B /* TestLibAdMobAdapterTests.xctest */ = {isa = PBXFileReference; explicitFileType = wrapper.cfbundle; includeInIndex = 0; path = TestLibAdMobAdapterTests.xctest; sourceTree = BUILT_PRODUCTS_DIR; };
		BE71B3D120346A0500024D2B /* TestLibAdMobAdapterTests.m */ = {isa = PBXFileReference; lastKnownFileType = sourcecode.c.objc; path = TestLibAdMobAdapterTests.m; sourceTree = "<group>"; };
		BE71B3D320346A0500024D2B /* Info.plist */ = {isa = PBXFileReference; lastKnownFileType = text.plist.xml; path = Info.plist; sourceTree = "<group>"; };
		BE71B3D820346A0500024D2B /* TestLibAdMobAdapterUITests.xctest */ = {isa = PBXFileReference; explicitFileType = wrapper.cfbundle; includeInIndex = 0; path = TestLibAdMobAdapterUITests.xctest; sourceTree = BUILT_PRODUCTS_DIR; };
		BE71B3DC20346A0500024D2B /* TestLibAdMobAdapterUITests.m */ = {isa = PBXFileReference; lastKnownFileType = sourcecode.c.objc; path = TestLibAdMobAdapterUITests.m; sourceTree = "<group>"; };
		BE71B3DE20346A0500024D2B /* Info.plist */ = {isa = PBXFileReference; lastKnownFileType = text.plist.xml; path = Info.plist; sourceTree = "<group>"; };
/* End PBXFileReference section */

/* Begin PBXFrameworksBuildPhase section */
		BE71B3B220346A0500024D2B /* Frameworks */ = {
			isa = PBXFrameworksBuildPhase;
			buildActionMask = 2147483647;
			files = (
				2AFC2BA60659DE6084515933 /* libPods-TestLibAdMobAdapter.a in Frameworks */,
			);
			runOnlyForDeploymentPostprocessing = 0;
		};
		BE71B3CA20346A0500024D2B /* Frameworks */ = {
			isa = PBXFrameworksBuildPhase;
			buildActionMask = 2147483647;
			files = (
			);
			runOnlyForDeploymentPostprocessing = 0;
		};
		BE71B3D520346A0500024D2B /* Frameworks */ = {
			isa = PBXFrameworksBuildPhase;
			buildActionMask = 2147483647;
			files = (
			);
			runOnlyForDeploymentPostprocessing = 0;
		};
/* End PBXFrameworksBuildPhase section */

/* Begin PBXGroup section */
		AA645A15C4E7CE225E90CF39 /* Pods */ = {
			isa = PBXGroup;
			children = (
				75AE80C189CE757F12D80B93 /* Pods-TestLibAdMobAdapter.debug.xcconfig */,
				9E20138BDCCBD96EE07EF7AB /* Pods-TestLibAdMobAdapter.release.xcconfig */,
			);
			name = Pods;
			sourceTree = "<group>";
		};
		BE71B3AC20346A0500024D2B = {
			isa = PBXGroup;
			children = (
				BE71B3B720346A0500024D2B /* TestLibAdMobAdapter */,
				BE71B3D020346A0500024D2B /* TestLibAdMobAdapterTests */,
				BE71B3DB20346A0500024D2B /* TestLibAdMobAdapterUITests */,
				BE71B3B620346A0500024D2B /* Products */,
				BE71B3EA20346A1700024D2B /* Frameworks */,
				AA645A15C4E7CE225E90CF39 /* Pods */,
			);
			sourceTree = "<group>";
		};
		BE71B3B620346A0500024D2B /* Products */ = {
			isa = PBXGroup;
			children = (
				BE71B3B520346A0500024D2B /* TestLibAdMobAdapter.app */,
				BE71B3CD20346A0500024D2B /* TestLibAdMobAdapterTests.xctest */,
				BE71B3D820346A0500024D2B /* TestLibAdMobAdapterUITests.xctest */,
			);
			name = Products;
			sourceTree = "<group>";
		};
		BE71B3B720346A0500024D2B /* TestLibAdMobAdapter */ = {
			isa = PBXGroup;
			children = (
				BE71B3B820346A0500024D2B /* AppDelegate.h */,
				BE71B3B920346A0500024D2B /* AppDelegate.m */,
				BE71B3BB20346A0500024D2B /* ViewController.h */,
				BE71B3BC20346A0500024D2B /* ViewController.m */,
				BE71B3BE20346A0500024D2B /* Main.storyboard */,
				BE71B3C120346A0500024D2B /* Assets.xcassets */,
				BE71B3C320346A0500024D2B /* LaunchScreen.storyboard */,
				BE71B3C620346A0500024D2B /* Info.plist */,
				BE71B3C720346A0500024D2B /* main.m */,
			);
			path = TestLibAdMobAdapter;
			sourceTree = "<group>";
		};
		BE71B3D020346A0500024D2B /* TestLibAdMobAdapterTests */ = {
			isa = PBXGroup;
			children = (
				BE71B3D120346A0500024D2B /* TestLibAdMobAdapterTests.m */,
				BE71B3D320346A0500024D2B /* Info.plist */,
			);
			path = TestLibAdMobAdapterTests;
			sourceTree = "<group>";
		};
		BE71B3DB20346A0500024D2B /* TestLibAdMobAdapterUITests */ = {
			isa = PBXGroup;
			children = (
				BE71B3DC20346A0500024D2B /* TestLibAdMobAdapterUITests.m */,
				BE71B3DE20346A0500024D2B /* Info.plist */,
			);
			path = TestLibAdMobAdapterUITests;
			sourceTree = "<group>";
		};
		BE71B3EA20346A1700024D2B /* Frameworks */ = {
			isa = PBXGroup;
			children = (
				77EE54A156B9B4624602A1A8 /* libPods-TestLibAdMobAdapter.a */,
			);
			name = Frameworks;
			sourceTree = "<group>";
		};
/* End PBXGroup section */

/* Begin PBXNativeTarget section */
		BE71B3B420346A0500024D2B /* TestLibAdMobAdapter */ = {
			isa = PBXNativeTarget;
			buildConfigurationList = BE71B3E120346A0500024D2B /* Build configuration list for PBXNativeTarget "TestLibAdMobAdapter" */;
			buildPhases = (
				CD3515E9C42F138E4AB94159 /* [CP] Check Pods Manifest.lock */,
				BE71B3B120346A0500024D2B /* Sources */,
				BE71B3B220346A0500024D2B /* Frameworks */,
				BE71B3B320346A0500024D2B /* Resources */,
				BEE337D92042CD2200F07C68 /* Embed Frameworks */,
				728DFD0C1A9CC6A3CD62F122 /* [CP] Embed Pods Frameworks */,
				1F2A3CE857C7C5F4662FC39B /* [CP] Copy Pods Resources */,
			);
			buildRules = (
			);
			dependencies = (
			);
			name = TestLibAdMobAdapter;
			productName = TestLibAdMobAdapter;
			productReference = BE71B3B520346A0500024D2B /* TestLibAdMobAdapter.app */;
			productType = "com.apple.product-type.application";
		};
		BE71B3CC20346A0500024D2B /* TestLibAdMobAdapterTests */ = {
			isa = PBXNativeTarget;
			buildConfigurationList = BE71B3E420346A0500024D2B /* Build configuration list for PBXNativeTarget "TestLibAdMobAdapterTests" */;
			buildPhases = (
				BE71B3C920346A0500024D2B /* Sources */,
				BE71B3CA20346A0500024D2B /* Frameworks */,
				BE71B3CB20346A0500024D2B /* Resources */,
			);
			buildRules = (
			);
			dependencies = (
				BE71B3CF20346A0500024D2B /* PBXTargetDependency */,
			);
			name = TestLibAdMobAdapterTests;
			productName = TestLibAdMobAdapterTests;
			productReference = BE71B3CD20346A0500024D2B /* TestLibAdMobAdapterTests.xctest */;
			productType = "com.apple.product-type.bundle.unit-test";
		};
		BE71B3D720346A0500024D2B /* TestLibAdMobAdapterUITests */ = {
			isa = PBXNativeTarget;
			buildConfigurationList = BE71B3E720346A0500024D2B /* Build configuration list for PBXNativeTarget "TestLibAdMobAdapterUITests" */;
			buildPhases = (
				BE71B3D420346A0500024D2B /* Sources */,
				BE71B3D520346A0500024D2B /* Frameworks */,
				BE71B3D620346A0500024D2B /* Resources */,
			);
			buildRules = (
			);
			dependencies = (
				BE71B3DA20346A0500024D2B /* PBXTargetDependency */,
			);
			name = TestLibAdMobAdapterUITests;
			productName = TestLibAdMobAdapterUITests;
			productReference = BE71B3D820346A0500024D2B /* TestLibAdMobAdapterUITests.xctest */;
			productType = "com.apple.product-type.bundle.ui-testing";
		};
/* End PBXNativeTarget section */

/* Begin PBXProject section */
		BE71B3AD20346A0500024D2B /* Project object */ = {
			isa = PBXProject;
			attributes = {
				LastUpgradeCheck = 0920;
				ORGANIZATIONNAME = "Itamar Menahem";
				TargetAttributes = {
					BE71B3B420346A0500024D2B = {
						CreatedOnToolsVersion = 9.2;
						ProvisioningStyle = Automatic;
					};
					BE71B3CC20346A0500024D2B = {
						CreatedOnToolsVersion = 9.2;
						ProvisioningStyle = Automatic;
						TestTargetID = BE71B3B420346A0500024D2B;
					};
					BE71B3D720346A0500024D2B = {
						CreatedOnToolsVersion = 9.2;
						ProvisioningStyle = Automatic;
						TestTargetID = BE71B3B420346A0500024D2B;
					};
				};
			};
			buildConfigurationList = BE71B3B020346A0500024D2B /* Build configuration list for PBXProject "TestLibAdMobAdapter" */;
			compatibilityVersion = "Xcode 8.0";
			developmentRegion = en;
			hasScannedForEncodings = 0;
			knownRegions = (
				en,
				Base,
			);
			mainGroup = BE71B3AC20346A0500024D2B;
			productRefGroup = BE71B3B620346A0500024D2B /* Products */;
			projectDirPath = "";
			projectRoot = "";
			targets = (
				BE71B3B420346A0500024D2B /* TestLibAdMobAdapter */,
				BE71B3CC20346A0500024D2B /* TestLibAdMobAdapterTests */,
				BE71B3D720346A0500024D2B /* TestLibAdMobAdapterUITests */,
			);
		};
/* End PBXProject section */

/* Begin PBXResourcesBuildPhase section */
		BE71B3B320346A0500024D2B /* Resources */ = {
			isa = PBXResourcesBuildPhase;
			buildActionMask = 2147483647;
			files = (
				BE71B3C520346A0500024D2B /* LaunchScreen.storyboard in Resources */,
				BE71B3C220346A0500024D2B /* Assets.xcassets in Resources */,
				BE71B3C020346A0500024D2B /* Main.storyboard in Resources */,
			);
			runOnlyForDeploymentPostprocessing = 0;
		};
		BE71B3CB20346A0500024D2B /* Resources */ = {
			isa = PBXResourcesBuildPhase;
			buildActionMask = 2147483647;
			files = (
			);
			runOnlyForDeploymentPostprocessing = 0;
		};
		BE71B3D620346A0500024D2B /* Resources */ = {
			isa = PBXResourcesBuildPhase;
			buildActionMask = 2147483647;
			files = (
			);
			runOnlyForDeploymentPostprocessing = 0;
		};
/* End PBXResourcesBuildPhase section */

/* Begin PBXShellScriptBuildPhase section */
		1F2A3CE857C7C5F4662FC39B /* [CP] Copy Pods Resources */ = {
			isa = PBXShellScriptBuildPhase;
			buildActionMask = 2147483647;
			files = (
			);
			inputPaths = (
			);
			name = "[CP] Copy Pods Resources";
			outputPaths = (
			);
			runOnlyForDeploymentPostprocessing = 0;
			shellPath = /bin/sh;
			shellScript = "\"${SRCROOT}/../Pods/Target Support Files/Pods-TestLibAdMobAdapter/Pods-TestLibAdMobAdapter-resources.sh\"\n";
			showEnvVarsInLog = 0;
		};
		728DFD0C1A9CC6A3CD62F122 /* [CP] Embed Pods Frameworks */ = {
			isa = PBXShellScriptBuildPhase;
			buildActionMask = 2147483647;
			files = (
			);
			inputPaths = (
				"${SRCROOT}/../Pods/Target Support Files/Pods-TestLibAdMobAdapter/Pods-TestLibAdMobAdapter-frameworks.sh",
				"${PODS_ROOT}/YouAppi_Framework/YouAppi.framework",
			);
			name = "[CP] Embed Pods Frameworks";
			outputPaths = (
				"${TARGET_BUILD_DIR}/${FRAMEWORKS_FOLDER_PATH}/YouAppi.framework",
			);
			runOnlyForDeploymentPostprocessing = 0;
			shellPath = /bin/sh;
			shellScript = "\"${SRCROOT}/../Pods/Target Support Files/Pods-TestLibAdMobAdapter/Pods-TestLibAdMobAdapter-frameworks.sh\"\n";
			showEnvVarsInLog = 0;
		};
		CD3515E9C42F138E4AB94159 /* [CP] Check Pods Manifest.lock */ = {
			isa = PBXShellScriptBuildPhase;
			buildActionMask = 2147483647;
			files = (
			);
			inputPaths = (
				"${PODS_PODFILE_DIR_PATH}/Podfile.lock",
				"${PODS_ROOT}/Manifest.lock",
			);
			name = "[CP] Check Pods Manifest.lock";
			outputPaths = (
				"$(DERIVED_FILE_DIR)/Pods-TestLibAdMobAdapter-checkManifestLockResult.txt",
			);
			runOnlyForDeploymentPostprocessing = 0;
			shellPath = /bin/sh;
			shellScript = "diff \"${PODS_PODFILE_DIR_PATH}/Podfile.lock\" \"${PODS_ROOT}/Manifest.lock\" > /dev/null\nif [ $? != 0 ] ; then\n    # print error to STDERR\n    echo \"error: The sandbox is not in sync with the Podfile.lock. Run 'pod install' or update your CocoaPods installation.\" >&2\n    exit 1\nfi\n# This output is used by Xcode 'outputs' to avoid re-running this script phase.\necho \"SUCCESS\" > \"${SCRIPT_OUTPUT_FILE_0}\"\n";
			showEnvVarsInLog = 0;
		};
/* End PBXShellScriptBuildPhase section */

/* Begin PBXSourcesBuildPhase section */
		BE71B3B120346A0500024D2B /* Sources */ = {
			isa = PBXSourcesBuildPhase;
			buildActionMask = 2147483647;
			files = (
				BE71B3BD20346A0500024D2B /* ViewController.m in Sources */,
				BE71B3C820346A0500024D2B /* main.m in Sources */,
				BE71B3BA20346A0500024D2B /* AppDelegate.m in Sources */,
			);
			runOnlyForDeploymentPostprocessing = 0;
		};
		BE71B3C920346A0500024D2B /* Sources */ = {
			isa = PBXSourcesBuildPhase;
			buildActionMask = 2147483647;
			files = (
				BE71B3D220346A0500024D2B /* TestLibAdMobAdapterTests.m in Sources */,
			);
			runOnlyForDeploymentPostprocessing = 0;
		};
		BE71B3D420346A0500024D2B /* Sources */ = {
			isa = PBXSourcesBuildPhase;
			buildActionMask = 2147483647;
			files = (
				BE71B3DD20346A0500024D2B /* TestLibAdMobAdapterUITests.m in Sources */,
			);
			runOnlyForDeploymentPostprocessing = 0;
		};
/* End PBXSourcesBuildPhase section */

/* Begin PBXTargetDependency section */
		BE71B3CF20346A0500024D2B /* PBXTargetDependency */ = {
			isa = PBXTargetDependency;
			target = BE71B3B420346A0500024D2B /* TestLibAdMobAdapter */;
			targetProxy = BE71B3CE20346A0500024D2B /* PBXContainerItemProxy */;
		};
		BE71B3DA20346A0500024D2B /* PBXTargetDependency */ = {
			isa = PBXTargetDependency;
			target = BE71B3B420346A0500024D2B /* TestLibAdMobAdapter */;
			targetProxy = BE71B3D920346A0500024D2B /* PBXContainerItemProxy */;
		};
/* End PBXTargetDependency section */

/* Begin PBXVariantGroup section */
		BE71B3BE20346A0500024D2B /* Main.storyboard */ = {
			isa = PBXVariantGroup;
			children = (
				BE71B3BF20346A0500024D2B /* Base */,
			);
			name = Main.storyboard;
			sourceTree = "<group>";
		};
		BE71B3C320346A0500024D2B /* LaunchScreen.storyboard */ = {
			isa = PBXVariantGroup;
			children = (
				BE71B3C420346A0500024D2B /* Base */,
			);
			name = LaunchScreen.storyboard;
			sourceTree = "<group>";
		};
/* End PBXVariantGroup section */

/* Begin XCBuildConfiguration section */
		BE71B3DF20346A0500024D2B /* Debug */ = {
			isa = XCBuildConfiguration;
			buildSettings = {
				ALWAYS_SEARCH_USER_PATHS = NO;
				CLANG_ANALYZER_NONNULL = YES;
				CLANG_ANALYZER_NUMBER_OBJECT_CONVERSION = YES_AGGRESSIVE;
				CLANG_CXX_LANGUAGE_STANDARD = "gnu++14";
				CLANG_CXX_LIBRARY = "libc++";
				CLANG_ENABLE_MODULES = YES;
				CLANG_ENABLE_OBJC_ARC = YES;
				CLANG_WARN_BLOCK_CAPTURE_AUTORELEASING = YES;
				CLANG_WARN_BOOL_CONVERSION = YES;
				CLANG_WARN_COMMA = YES;
				CLANG_WARN_CONSTANT_CONVERSION = YES;
				CLANG_WARN_DIRECT_OBJC_ISA_USAGE = YES_ERROR;
				CLANG_WARN_DOCUMENTATION_COMMENTS = YES;
				CLANG_WARN_EMPTY_BODY = YES;
				CLANG_WARN_ENUM_CONVERSION = YES;
				CLANG_WARN_INFINITE_RECURSION = YES;
				CLANG_WARN_INT_CONVERSION = YES;
				CLANG_WARN_NON_LITERAL_NULL_CONVERSION = YES;
				CLANG_WARN_OBJC_LITERAL_CONVERSION = YES;
				CLANG_WARN_OBJC_ROOT_CLASS = YES_ERROR;
				CLANG_WARN_RANGE_LOOP_ANALYSIS = YES;
				CLANG_WARN_STRICT_PROTOTYPES = YES;
				CLANG_WARN_SUSPICIOUS_MOVE = YES;
				CLANG_WARN_UNGUARDED_AVAILABILITY = YES_AGGRESSIVE;
				CLANG_WARN_UNREACHABLE_CODE = YES;
				CLANG_WARN__DUPLICATE_METHOD_MATCH = YES;
				CODE_SIGN_IDENTITY = "iPhone Developer";
				COPY_PHASE_STRIP = NO;
				DEBUG_INFORMATION_FORMAT = dwarf;
				ENABLE_STRICT_OBJC_MSGSEND = YES;
				ENABLE_TESTABILITY = YES;
				GCC_C_LANGUAGE_STANDARD = gnu11;
				GCC_DYNAMIC_NO_PIC = NO;
				GCC_NO_COMMON_BLOCKS = YES;
				GCC_OPTIMIZATION_LEVEL = 0;
				GCC_PREPROCESSOR_DEFINITIONS = (
					"DEBUG=1",
					"$(inherited)",
				);
				GCC_WARN_64_TO_32_BIT_CONVERSION = YES;
				GCC_WARN_ABOUT_RETURN_TYPE = YES_ERROR;
				GCC_WARN_UNDECLARED_SELECTOR = YES;
				GCC_WARN_UNINITIALIZED_AUTOS = YES_AGGRESSIVE;
				GCC_WARN_UNUSED_FUNCTION = YES;
				GCC_WARN_UNUSED_VARIABLE = YES;
				IPHONEOS_DEPLOYMENT_TARGET = 11.2;
				MTL_ENABLE_DEBUG_INFO = YES;
				ONLY_ACTIVE_ARCH = YES;
				SDKROOT = iphoneos;
			};
			name = Debug;
		};
		BE71B3E020346A0500024D2B /* Release */ = {
			isa = XCBuildConfiguration;
			buildSettings = {
				ALWAYS_SEARCH_USER_PATHS = NO;
				CLANG_ANALYZER_NONNULL = YES;
				CLANG_ANALYZER_NUMBER_OBJECT_CONVERSION = YES_AGGRESSIVE;
				CLANG_CXX_LANGUAGE_STANDARD = "gnu++14";
				CLANG_CXX_LIBRARY = "libc++";
				CLANG_ENABLE_MODULES = YES;
				CLANG_ENABLE_OBJC_ARC = YES;
				CLANG_WARN_BLOCK_CAPTURE_AUTORELEASING = YES;
				CLANG_WARN_BOOL_CONVERSION = YES;
				CLANG_WARN_COMMA = YES;
				CLANG_WARN_CONSTANT_CONVERSION = YES;
				CLANG_WARN_DIRECT_OBJC_ISA_USAGE = YES_ERROR;
				CLANG_WARN_DOCUMENTATION_COMMENTS = YES;
				CLANG_WARN_EMPTY_BODY = YES;
				CLANG_WARN_ENUM_CONVERSION = YES;
				CLANG_WARN_INFINITE_RECURSION = YES;
				CLANG_WARN_INT_CONVERSION = YES;
				CLANG_WARN_NON_LITERAL_NULL_CONVERSION = YES;
				CLANG_WARN_OBJC_LITERAL_CONVERSION = YES;
				CLANG_WARN_OBJC_ROOT_CLASS = YES_ERROR;
				CLANG_WARN_RANGE_LOOP_ANALYSIS = YES;
				CLANG_WARN_STRICT_PROTOTYPES = YES;
				CLANG_WARN_SUSPICIOUS_MOVE = YES;
				CLANG_WARN_UNGUARDED_AVAILABILITY = YES_AGGRESSIVE;
				CLANG_WARN_UNREACHABLE_CODE = YES;
				CLANG_WARN__DUPLICATE_METHOD_MATCH = YES;
				CODE_SIGN_IDENTITY = "iPhone Developer";
				COPY_PHASE_STRIP = NO;
				DEBUG_INFORMATION_FORMAT = "dwarf-with-dsym";
				ENABLE_NS_ASSERTIONS = NO;
				ENABLE_STRICT_OBJC_MSGSEND = YES;
				GCC_C_LANGUAGE_STANDARD = gnu11;
				GCC_NO_COMMON_BLOCKS = YES;
				GCC_WARN_64_TO_32_BIT_CONVERSION = YES;
				GCC_WARN_ABOUT_RETURN_TYPE = YES_ERROR;
				GCC_WARN_UNDECLARED_SELECTOR = YES;
				GCC_WARN_UNINITIALIZED_AUTOS = YES_AGGRESSIVE;
				GCC_WARN_UNUSED_FUNCTION = YES;
				GCC_WARN_UNUSED_VARIABLE = YES;
				IPHONEOS_DEPLOYMENT_TARGET = 11.2;
				MTL_ENABLE_DEBUG_INFO = NO;
				SDKROOT = iphoneos;
				VALIDATE_PRODUCT = YES;
			};
			name = Release;
		};
		BE71B3E220346A0500024D2B /* Debug */ = {
			isa = XCBuildConfiguration;
			baseConfigurationReference = 75AE80C189CE757F12D80B93 /* Pods-TestLibAdMobAdapter.debug.xcconfig */;
			buildSettings = {
				ALWAYS_EMBED_SWIFT_STANDARD_LIBRARIES = YES;
				ASSETCATALOG_COMPILER_APPICON_NAME = AppIcon;
				CODE_SIGN_STYLE = Automatic;
				DEVELOPMENT_TEAM = 3RD42EKR43;
				FRAMEWORK_SEARCH_PATHS = (
					"$(inherited)",
					"$(PROJECT_DIR)",
				);
				INFOPLIST_FILE = TestLibAdMobAdapter/Info.plist;
				LD_RUNPATH_SEARCH_PATHS = "$(inherited) @executable_path/Frameworks";
				LIBRARY_SEARCH_PATHS = (
					"$(inherited)",
					"$(PROJECT_DIR)",
					"$(PROJECT_DIR)/TestLibAdMobAdapter",
				);
				PRODUCT_BUNDLE_IDENTIFIER = youappi.MoPub;
				PRODUCT_NAME = "$(TARGET_NAME)";
				TARGETED_DEVICE_FAMILY = "1,2";
				USER_HEADER_SEARCH_PATHS = "$SOURCE_ROOT/include";
			};
			name = Debug;
		};
		BE71B3E320346A0500024D2B /* Release */ = {
			isa = XCBuildConfiguration;
			baseConfigurationReference = 9E20138BDCCBD96EE07EF7AB /* Pods-TestLibAdMobAdapter.release.xcconfig */;
			buildSettings = {
				ALWAYS_EMBED_SWIFT_STANDARD_LIBRARIES = YES;
				ASSETCATALOG_COMPILER_APPICON_NAME = AppIcon;
				CODE_SIGN_STYLE = Automatic;
				DEVELOPMENT_TEAM = 3RD42EKR43;
				FRAMEWORK_SEARCH_PATHS = (
					"$(inherited)",
					"$(PROJECT_DIR)",
				);
				INFOPLIST_FILE = TestLibAdMobAdapter/Info.plist;
				LD_RUNPATH_SEARCH_PATHS = "$(inherited) @executable_path/Frameworks";
				LIBRARY_SEARCH_PATHS = (
					"$(inherited)",
					"$(PROJECT_DIR)",
					"$(PROJECT_DIR)/TestLibAdMobAdapter",
				);
				PRODUCT_BUNDLE_IDENTIFIER = youappi.MoPub;
				PRODUCT_NAME = "$(TARGET_NAME)";
				TARGETED_DEVICE_FAMILY = "1,2";
				USER_HEADER_SEARCH_PATHS = "$SOURCE_ROOT/include";
			};
			name = Release;
		};
		BE71B3E520346A0500024D2B /* Debug */ = {
			isa = XCBuildConfiguration;
			buildSettings = {
				BUNDLE_LOADER = "$(TEST_HOST)";
				CODE_SIGN_STYLE = Automatic;
				DEVELOPMENT_TEAM = 3RD42EKR43;
				INFOPLIST_FILE = TestLibAdMobAdapterTests/Info.plist;
				LD_RUNPATH_SEARCH_PATHS = "$(inherited) @executable_path/Frameworks @loader_path/Frameworks";
				PRODUCT_BUNDLE_IDENTIFIER = YouAppi.TestLibAdMobAdapterTests;
				PRODUCT_NAME = "$(TARGET_NAME)";
				TARGETED_DEVICE_FAMILY = "1,2";
				TEST_HOST = "$(BUILT_PRODUCTS_DIR)/TestLibAdMobAdapter.app/TestLibAdMobAdapter";
			};
			name = Debug;
		};
		BE71B3E620346A0500024D2B /* Release */ = {
			isa = XCBuildConfiguration;
			buildSettings = {
				BUNDLE_LOADER = "$(TEST_HOST)";
				CODE_SIGN_STYLE = Automatic;
				DEVELOPMENT_TEAM = 3RD42EKR43;
				INFOPLIST_FILE = TestLibAdMobAdapterTests/Info.plist;
				LD_RUNPATH_SEARCH_PATHS = "$(inherited) @executable_path/Frameworks @loader_path/Frameworks";
				PRODUCT_BUNDLE_IDENTIFIER = YouAppi.TestLibAdMobAdapterTests;
				PRODUCT_NAME = "$(TARGET_NAME)";
				TARGETED_DEVICE_FAMILY = "1,2";
				TEST_HOST = "$(BUILT_PRODUCTS_DIR)/TestLibAdMobAdapter.app/TestLibAdMobAdapter";
			};
			name = Release;
		};
		BE71B3E820346A0500024D2B /* Debug */ = {
			isa = XCBuildConfiguration;
			buildSettings = {
				CODE_SIGN_STYLE = Automatic;
				DEVELOPMENT_TEAM = 3RD42EKR43;
				INFOPLIST_FILE = TestLibAdMobAdapterUITests/Info.plist;
				LD_RUNPATH_SEARCH_PATHS = "$(inherited) @executable_path/Frameworks @loader_path/Frameworks";
				PRODUCT_BUNDLE_IDENTIFIER = YouAppi.TestLibAdMobAdapterUITests;
				PRODUCT_NAME = "$(TARGET_NAME)";
				TARGETED_DEVICE_FAMILY = "1,2";
				TEST_TARGET_NAME = TestLibAdMobAdapter;
			};
			name = Debug;
		};
		BE71B3E920346A0500024D2B /* Release */ = {
			isa = XCBuildConfiguration;
			buildSettings = {
				CODE_SIGN_STYLE = Automatic;
				DEVELOPMENT_TEAM = 3RD42EKR43;
				INFOPLIST_FILE = TestLibAdMobAdapterUITests/Info.plist;
				LD_RUNPATH_SEARCH_PATHS = "$(inherited) @executable_path/Frameworks @loader_path/Frameworks";
				PRODUCT_BUNDLE_IDENTIFIER = YouAppi.TestLibAdMobAdapterUITests;
				PRODUCT_NAME = "$(TARGET_NAME)";
				TARGETED_DEVICE_FAMILY = "1,2";
				TEST_TARGET_NAME = TestLibAdMobAdapter;
			};
			name = Release;
		};
/* End XCBuildConfiguration section */

/* Begin XCConfigurationList section */
		BE71B3B020346A0500024D2B /* Build configuration list for PBXProject "TestLibAdMobAdapter" */ = {
			isa = XCConfigurationList;
			buildConfigurations = (
				BE71B3DF20346A0500024D2B /* Debug */,
				BE71B3E020346A0500024D2B /* Release */,
			);
			defaultConfigurationIsVisible = 0;
			defaultConfigurationName = Release;
		};
		BE71B3E120346A0500024D2B /* Build configuration list for PBXNativeTarget "TestLibAdMobAdapter" */ = {
			isa = XCConfigurationList;
			buildConfigurations = (
				BE71B3E220346A0500024D2B /* Debug */,
				BE71B3E320346A0500024D2B /* Release */,
			);
			defaultConfigurationIsVisible = 0;
			defaultConfigurationName = Release;
		};
		BE71B3E420346A0500024D2B /* Build configuration list for PBXNativeTarget "TestLibAdMobAdapterTests" */ = {
			isa = XCConfigurationList;
			buildConfigurations = (
				BE71B3E520346A0500024D2B /* Debug */,
				BE71B3E620346A0500024D2B /* Release */,
			);
			defaultConfigurationIsVisible = 0;
			defaultConfigurationName = Release;
		};
		BE71B3E720346A0500024D2B /* Build configuration list for PBXNativeTarget "TestLibAdMobAdapterUITests" */ = {
			isa = XCConfigurationList;
			buildConfigurations = (
				BE71B3E820346A0500024D2B /* Debug */,
				BE71B3E920346A0500024D2B /* Release */,
			);
			defaultConfigurationIsVisible = 0;
			defaultConfigurationName = Release;
		};
/* End XCConfigurationList section */
	};
	rootObject = BE71B3AD20346A0500024D2B /* Project object */;
}
