// !$*UTF8*$!
{
	archiveVersion = 1;
	classes = {
	};
	objectVersion = 51;
	objects = {

/* Begin PBXBuildFile section */
		BE287E6E2043026B00562044 /* AppDelegate.m in Sources */ = {isa = PBXBuildFile; fileRef = BE287E6D2043026B00562044 /* AppDelegate.m */; };
		BE287E712043026B00562044 /* ViewController.m in Sources */ = {isa = PBXBuildFile; fileRef = BE287E702043026B00562044 /* ViewController.m */; };
		BE287E742043026B00562044 /* Main.storyboard in Resources */ = {isa = PBXBuildFile; fileRef = BE287E722043026B00562044 /* Main.storyboard */; };
		BE287E762043026B00562044 /* Assets.xcassets in Resources */ = {isa = PBXBuildFile; fileRef = BE287E752043026B00562044 /* Assets.xcassets */; };
		BE287E792043026B00562044 /* LaunchScreen.storyboard in Resources */ = {isa = PBXBuildFile; fileRef = BE287E772043026B00562044 /* LaunchScreen.storyboard */; };
		BE287E7C2043026B00562044 /* main.m in Sources */ = {isa = PBXBuildFile; fileRef = BE287E7B2043026B00562044 /* main.m */; };
		BE287E862043026B00562044 /* AppDemoMoPubTests.m in Sources */ = {isa = PBXBuildFile; fileRef = BE287E852043026B00562044 /* AppDemoMoPubTests.m */; };
		BE287E912043026B00562044 /* AppDemoMoPubUITests.m in Sources */ = {isa = PBXBuildFile; fileRef = BE287E902043026B00562044 /* AppDemoMoPubUITests.m */; };
		F4A70894FE56D5B7792AAFDF /* libPods-AppDemoMoPub.a in Frameworks */ = {isa = PBXBuildFile; fileRef = F272D684DC1B301E6739BE2D /* libPods-AppDemoMoPub.a */; };
/* End PBXBuildFile section */

/* Begin PBXContainerItemProxy section */
		BE287E822043026B00562044 /* PBXContainerItemProxy */ = {
			isa = PBXContainerItemProxy;
			containerPortal = BE287E612043026B00562044 /* Project object */;
			proxyType = 1;
			remoteGlobalIDString = BE287E682043026B00562044;
			remoteInfo = TestLibMopubAdapter;
		};
		BE287E8D2043026B00562044 /* PBXContainerItemProxy */ = {
			isa = PBXContainerItemProxy;
			containerPortal = BE287E612043026B00562044 /* Project object */;
			proxyType = 1;
			remoteGlobalIDString = BE287E682043026B00562044;
			remoteInfo = TestLibMopubAdapter;
		};
/* End PBXContainerItemProxy section */

/* Begin PBXCopyFilesBuildPhase section */
		BE28813320430A4000562044 /* Embed Frameworks */ = {
			isa = PBXCopyFilesBuildPhase;
			buildActionMask = 2147483647;
			dstPath = "";
			dstSubfolderSpec = 10;
			files = (
			);
			name = "Embed Frameworks";
			runOnlyForDeploymentPostprocessing = 0;
		};
/* End PBXCopyFilesBuildPhase section */

/* Begin PBXFileReference section */
		1EDC10CBAC328A8F383DBB8B /* Pods-AppDemoMoPub.debug.xcconfig */ = {isa = PBXFileReference; includeInIndex = 1; lastKnownFileType = text.xcconfig; name = "Pods-AppDemoMoPub.debug.xcconfig"; path = "../Pods/Target Support Files/Pods-AppDemoMoPub/Pods-AppDemoMoPub.debug.xcconfig"; sourceTree = "<group>"; };
		572548EDD6FB96FBD9CC52DE /* Pods-AppDemoMoPub.release.xcconfig */ = {isa = PBXFileReference; includeInIndex = 1; lastKnownFileType = text.xcconfig; name = "Pods-AppDemoMoPub.release.xcconfig"; path = "../Pods/Target Support Files/Pods-AppDemoMoPub/Pods-AppDemoMoPub.release.xcconfig"; sourceTree = "<group>"; };
		BE287E692043026B00562044 /* AppDemoMoPub.app */ = {isa = PBXFileReference; explicitFileType = wrapper.application; includeInIndex = 0; path = AppDemoMoPub.app; sourceTree = BUILT_PRODUCTS_DIR; };
		BE287E6C2043026B00562044 /* AppDelegate.h */ = {isa = PBXFileReference; lastKnownFileType = sourcecode.c.h; path = AppDelegate.h; sourceTree = "<group>"; };
		BE287E6D2043026B00562044 /* AppDelegate.m */ = {isa = PBXFileReference; lastKnownFileType = sourcecode.c.objc; path = AppDelegate.m; sourceTree = "<group>"; };
		BE287E6F2043026B00562044 /* ViewController.h */ = {isa = PBXFileReference; lastKnownFileType = sourcecode.c.h; path = ViewController.h; sourceTree = "<group>"; };
		BE287E702043026B00562044 /* ViewController.m */ = {isa = PBXFileReference; lastKnownFileType = sourcecode.c.objc; path = ViewController.m; sourceTree = "<group>"; };
		BE287E732043026B00562044 /* Base */ = {isa = PBXFileReference; lastKnownFileType = file.storyboard; name = Base; path = Base.lproj/Main.storyboard; sourceTree = "<group>"; };
		BE287E752043026B00562044 /* Assets.xcassets */ = {isa = PBXFileReference; lastKnownFileType = folder.assetcatalog; path = Assets.xcassets; sourceTree = "<group>"; };
		BE287E782043026B00562044 /* Base */ = {isa = PBXFileReference; lastKnownFileType = file.storyboard; name = Base; path = Base.lproj/LaunchScreen.storyboard; sourceTree = "<group>"; };
		BE287E7A2043026B00562044 /* Info.plist */ = {isa = PBXFileReference; lastKnownFileType = text.plist.xml; path = Info.plist; sourceTree = "<group>"; };
		BE287E7B2043026B00562044 /* main.m */ = {isa = PBXFileReference; lastKnownFileType = sourcecode.c.objc; path = main.m; sourceTree = "<group>"; };
		BE287E812043026B00562044 /* AppDemoMoPubTests.xctest */ = {isa = PBXFileReference; explicitFileType = wrapper.cfbundle; includeInIndex = 0; path = AppDemoMoPubTests.xctest; sourceTree = BUILT_PRODUCTS_DIR; };
		BE287E852043026B00562044 /* AppDemoMoPubTests.m */ = {isa = PBXFileReference; lastKnownFileType = sourcecode.c.objc; path = AppDemoMoPubTests.m; sourceTree = "<group>"; };
		BE287E872043026B00562044 /* Info.plist */ = {isa = PBXFileReference; lastKnownFileType = text.plist.xml; path = Info.plist; sourceTree = "<group>"; };
		BE287E8C2043026B00562044 /* AppDemoMoPubUITests.xctest */ = {isa = PBXFileReference; explicitFileType = wrapper.cfbundle; includeInIndex = 0; path = AppDemoMoPubUITests.xctest; sourceTree = BUILT_PRODUCTS_DIR; };
		BE287E902043026B00562044 /* AppDemoMoPubUITests.m */ = {isa = PBXFileReference; lastKnownFileType = sourcecode.c.objc; path = AppDemoMoPubUITests.m; sourceTree = "<group>"; };
		BE287E922043026B00562044 /* Info.plist */ = {isa = PBXFileReference; lastKnownFileType = text.plist.xml; path = Info.plist; sourceTree = "<group>"; };
		F272D684DC1B301E6739BE2D /* libPods-AppDemoMoPub.a */ = {isa = PBXFileReference; explicitFileType = archive.ar; includeInIndex = 0; path = "libPods-AppDemoMoPub.a"; sourceTree = BUILT_PRODUCTS_DIR; };
/* End PBXFileReference section */

/* Begin PBXFrameworksBuildPhase section */
		BE287E662043026B00562044 /* Frameworks */ = {
			isa = PBXFrameworksBuildPhase;
			buildActionMask = 2147483647;
			files = (
				F4A70894FE56D5B7792AAFDF /* libPods-AppDemoMoPub.a in Frameworks */,
			);
			runOnlyForDeploymentPostprocessing = 0;
		};
		BE287E7E2043026B00562044 /* Frameworks */ = {
			isa = PBXFrameworksBuildPhase;
			buildActionMask = 2147483647;
			files = (
			);
			runOnlyForDeploymentPostprocessing = 0;
		};
		BE287E892043026B00562044 /* Frameworks */ = {
			isa = PBXFrameworksBuildPhase;
			buildActionMask = 2147483647;
			files = (
			);
			runOnlyForDeploymentPostprocessing = 0;
		};
/* End PBXFrameworksBuildPhase section */

/* Begin PBXGroup section */
		53779DD97763DDF6D362CBCE /* Frameworks */ = {
			isa = PBXGroup;
			children = (
				F272D684DC1B301E6739BE2D /* libPods-AppDemoMoPub.a */,
			);
			name = Frameworks;
			sourceTree = "<group>";
		};
		A5C02FA8AD3293B7859A0C80 /* Pods */ = {
			isa = PBXGroup;
			children = (
				1EDC10CBAC328A8F383DBB8B /* Pods-AppDemoMoPub.debug.xcconfig */,
				572548EDD6FB96FBD9CC52DE /* Pods-AppDemoMoPub.release.xcconfig */,
			);
			name = Pods;
			sourceTree = "<group>";
		};
		BE287E602043026B00562044 = {
			isa = PBXGroup;
			children = (
				BE287E6B2043026B00562044 /* AppDemoMoPub */,
				BE287E842043026B00562044 /* AppDemoMoPubTests */,
				BE287E8F2043026B00562044 /* AppDemoMoPubUITests */,
				BE287E6A2043026B00562044 /* Products */,
				53779DD97763DDF6D362CBCE /* Frameworks */,
				A5C02FA8AD3293B7859A0C80 /* Pods */,
			);
			sourceTree = "<group>";
		};
		BE287E6A2043026B00562044 /* Products */ = {
			isa = PBXGroup;
			children = (
				BE287E692043026B00562044 /* AppDemoMoPub.app */,
				BE287E812043026B00562044 /* AppDemoMoPubTests.xctest */,
				BE287E8C2043026B00562044 /* AppDemoMoPubUITests.xctest */,
			);
			name = Products;
			sourceTree = "<group>";
		};
		BE287E6B2043026B00562044 /* AppDemoMoPub */ = {
			isa = PBXGroup;
			children = (
				BE287E6C2043026B00562044 /* AppDelegate.h */,
				BE287E6D2043026B00562044 /* AppDelegate.m */,
				BE287E6F2043026B00562044 /* ViewController.h */,
				BE287E702043026B00562044 /* ViewController.m */,
				BE287E722043026B00562044 /* Main.storyboard */,
				BE287E752043026B00562044 /* Assets.xcassets */,
				BE287E772043026B00562044 /* LaunchScreen.storyboard */,
				BE287E7A2043026B00562044 /* Info.plist */,
				BE287E7B2043026B00562044 /* main.m */,
			);
			path = AppDemoMoPub;
			sourceTree = "<group>";
		};
		BE287E842043026B00562044 /* AppDemoMoPubTests */ = {
			isa = PBXGroup;
			children = (
				BE287E852043026B00562044 /* AppDemoMoPubTests.m */,
				BE287E872043026B00562044 /* Info.plist */,
			);
			path = AppDemoMoPubTests;
			sourceTree = "<group>";
		};
		BE287E8F2043026B00562044 /* AppDemoMoPubUITests */ = {
			isa = PBXGroup;
			children = (
				BE287E902043026B00562044 /* AppDemoMoPubUITests.m */,
				BE287E922043026B00562044 /* Info.plist */,
			);
			path = AppDemoMoPubUITests;
			sourceTree = "<group>";
		};
/* End PBXGroup section */

/* Begin PBXNativeTarget section */
		BE287E682043026B00562044 /* AppDemoMoPub */ = {
			isa = PBXNativeTarget;
			buildConfigurationList = BE287E952043026B00562044 /* Build configuration list for PBXNativeTarget "AppDemoMoPub" */;
			buildPhases = (
				944B22DF6031454FE3550AFE /* [CP] Check Pods Manifest.lock */,
				BE287E652043026B00562044 /* Sources */,
				BE287E662043026B00562044 /* Frameworks */,
				BE287E672043026B00562044 /* Resources */,
				BE28813320430A4000562044 /* Embed Frameworks */,
				50735D9C491BB1A0985FBA89 /* [CP] Embed Pods Frameworks */,
				06023DE36126F594978AB278 /* [CP] Copy Pods Resources */,
			);
			buildRules = (
			);
			dependencies = (
			);
			name = AppDemoMoPub;
			productName = TestLibMopubAdapter;
			productReference = BE287E692043026B00562044 /* AppDemoMoPub.app */;
			productType = "com.apple.product-type.application";
		};
		BE287E802043026B00562044 /* AppDemoMoPubTests */ = {
			isa = PBXNativeTarget;
			buildConfigurationList = BE287E982043026B00562044 /* Build configuration list for PBXNativeTarget "AppDemoMoPubTests" */;
			buildPhases = (
				BE287E7D2043026B00562044 /* Sources */,
				BE287E7E2043026B00562044 /* Frameworks */,
				BE287E7F2043026B00562044 /* Resources */,
			);
			buildRules = (
			);
			dependencies = (
				BE287E832043026B00562044 /* PBXTargetDependency */,
			);
			name = AppDemoMoPubTests;
			productName = TestLibMopubAdapterTests;
			productReference = BE287E812043026B00562044 /* AppDemoMoPubTests.xctest */;
			productType = "com.apple.product-type.bundle.unit-test";
		};
		BE287E8B2043026B00562044 /* AppDemoMoPubUITests */ = {
			isa = PBXNativeTarget;
			buildConfigurationList = BE287E9B2043026B00562044 /* Build configuration list for PBXNativeTarget "AppDemoMoPubUITests" */;
			buildPhases = (
				BE287E882043026B00562044 /* Sources */,
				BE287E892043026B00562044 /* Frameworks */,
				BE287E8A2043026B00562044 /* Resources */,
			);
			buildRules = (
			);
			dependencies = (
				BE287E8E2043026B00562044 /* PBXTargetDependency */,
			);
			name = AppDemoMoPubUITests;
			productName = TestLibMopubAdapterUITests;
			productReference = BE287E8C2043026B00562044 /* AppDemoMoPubUITests.xctest */;
			productType = "com.apple.product-type.bundle.ui-testing";
		};
/* End PBXNativeTarget section */

/* Begin PBXProject section */
		BE287E612043026B00562044 /* Project object */ = {
			isa = PBXProject;
			attributes = {
				LastUpgradeCheck = 1020;
				ORGANIZATIONNAME = "Itamar Menahem";
				TargetAttributes = {
					BE287E682043026B00562044 = {
						CreatedOnToolsVersion = 9.2;
						ProvisioningStyle = Automatic;
					};
					BE287E802043026B00562044 = {
						CreatedOnToolsVersion = 9.2;
						ProvisioningStyle = Automatic;
						TestTargetID = BE287E682043026B00562044;
					};
					BE287E8B2043026B00562044 = {
						CreatedOnToolsVersion = 9.2;
						ProvisioningStyle = Automatic;
						TestTargetID = BE287E682043026B00562044;
					};
				};
			};
			buildConfigurationList = BE287E642043026B00562044 /* Build configuration list for PBXProject "AppDemoMoPub" */;
			compatibilityVersion = "Xcode 10.0";
			developmentRegion = en;
			hasScannedForEncodings = 0;
			knownRegions = (
				en,
				Base,
			);
			mainGroup = BE287E602043026B00562044;
			productRefGroup = BE287E6A2043026B00562044 /* Products */;
			projectDirPath = "";
			projectRoot = "";
			targets = (
				BE287E682043026B00562044 /* AppDemoMoPub */,
				BE287E802043026B00562044 /* AppDemoMoPubTests */,
				BE287E8B2043026B00562044 /* AppDemoMoPubUITests */,
			);
		};
/* End PBXProject section */

/* Begin PBXResourcesBuildPhase section */
		BE287E672043026B00562044 /* Resources */ = {
			isa = PBXResourcesBuildPhase;
			buildActionMask = 2147483647;
			files = (
				BE287E792043026B00562044 /* LaunchScreen.storyboard in Resources */,
				BE287E762043026B00562044 /* Assets.xcassets in Resources */,
				BE287E742043026B00562044 /* Main.storyboard in Resources */,
			);
			runOnlyForDeploymentPostprocessing = 0;
		};
		BE287E7F2043026B00562044 /* Resources */ = {
			isa = PBXResourcesBuildPhase;
			buildActionMask = 2147483647;
			files = (
			);
			runOnlyForDeploymentPostprocessing = 0;
		};
		BE287E8A2043026B00562044 /* Resources */ = {
			isa = PBXResourcesBuildPhase;
			buildActionMask = 2147483647;
			files = (
			);
			runOnlyForDeploymentPostprocessing = 0;
		};
/* End PBXResourcesBuildPhase section */

/* Begin PBXShellScriptBuildPhase section */
		06023DE36126F594978AB278 /* [CP] Copy Pods Resources */ = {
			isa = PBXShellScriptBuildPhase;
			buildActionMask = 2147483647;
			files = (
			);
			inputPaths = (
				"${PODS_ROOT}/Target Support Files/Pods-AppDemoMoPub/Pods-AppDemoMoPub-resources.sh",
				"${PODS_ROOT}/mopub-ios-sdk/MoPubSDK/Internal/Common/MPAdBrowserController.xib",
				"${PODS_ROOT}/mopub-ios-sdk/MoPubSDK/Resources/MPCloseBtn.png",
				"${PODS_ROOT}/mopub-ios-sdk/MoPubSDK/Resources/MPCloseBtn@2x.png",
				"${PODS_ROOT}/mopub-ios-sdk/MoPubSDK/Resources/MPCloseBtn@3x.png",
				"${PODS_ROOT}/mopub-ios-sdk/MoPubSDK/Resources/MPCloseButtonX.png",
				"${PODS_ROOT}/mopub-ios-sdk/MoPubSDK/Resources/MPCloseButtonX@2x.png",
				"${PODS_ROOT}/mopub-ios-sdk/MoPubSDK/Resources/MPCloseButtonX@3x.png",
				"${PODS_ROOT}/mopub-ios-sdk/MoPubSDK/Resources/MPDAAIcon.png",
				"${PODS_ROOT}/mopub-ios-sdk/MoPubSDK/Resources/MPDAAIcon@2x.png",
				"${PODS_ROOT}/mopub-ios-sdk/MoPubSDK/Resources/MPDAAIcon@3x.png",
				"${PODS_ROOT}/mopub-ios-sdk/MoPubSDK/Resources/MPMutedBtn.png",
				"${PODS_ROOT}/mopub-ios-sdk/MoPubSDK/Resources/MPMutedBtn@2x.png",
				"${PODS_ROOT}/mopub-ios-sdk/MoPubSDK/Resources/MPMutedBtn@3x.png",
				"${PODS_ROOT}/mopub-ios-sdk/MoPubSDK/Resources/MPPlayBtn.png",
				"${PODS_ROOT}/mopub-ios-sdk/MoPubSDK/Resources/MPPlayBtn@2x.png",
				"${PODS_ROOT}/mopub-ios-sdk/MoPubSDK/Resources/MPPlayBtn@3x.png",
				"${PODS_ROOT}/mopub-ios-sdk/MoPubSDK/Resources/MPUnmutedBtn.png",
				"${PODS_ROOT}/mopub-ios-sdk/MoPubSDK/Resources/MPUnmutedBtn@2x.png",
				"${PODS_ROOT}/mopub-ios-sdk/MoPubSDK/Resources/MPUnmutedBtn@3x.png",
				"${PODS_ROOT}/mopub-ios-sdk/MoPubSDK/Resources/MRAID.bundle",
				"${PODS_ROOT}/mopub-ios-sdk/MoPubSDK/Resources/MPAdapters.plist",
			);
			name = "[CP] Copy Pods Resources";
			outputPaths = (
				"${TARGET_BUILD_DIR}/${UNLOCALIZED_RESOURCES_FOLDER_PATH}/MPAdBrowserController.nib",
				"${TARGET_BUILD_DIR}/${UNLOCALIZED_RESOURCES_FOLDER_PATH}/MPCloseBtn.png",
				"${TARGET_BUILD_DIR}/${UNLOCALIZED_RESOURCES_FOLDER_PATH}/MPCloseBtn@2x.png",
				"${TARGET_BUILD_DIR}/${UNLOCALIZED_RESOURCES_FOLDER_PATH}/MPCloseBtn@3x.png",
				"${TARGET_BUILD_DIR}/${UNLOCALIZED_RESOURCES_FOLDER_PATH}/MPCloseButtonX.png",
				"${TARGET_BUILD_DIR}/${UNLOCALIZED_RESOURCES_FOLDER_PATH}/MPCloseButtonX@2x.png",
				"${TARGET_BUILD_DIR}/${UNLOCALIZED_RESOURCES_FOLDER_PATH}/MPCloseButtonX@3x.png",
				"${TARGET_BUILD_DIR}/${UNLOCALIZED_RESOURCES_FOLDER_PATH}/MPDAAIcon.png",
				"${TARGET_BUILD_DIR}/${UNLOCALIZED_RESOURCES_FOLDER_PATH}/MPDAAIcon@2x.png",
				"${TARGET_BUILD_DIR}/${UNLOCALIZED_RESOURCES_FOLDER_PATH}/MPDAAIcon@3x.png",
				"${TARGET_BUILD_DIR}/${UNLOCALIZED_RESOURCES_FOLDER_PATH}/MPMutedBtn.png",
				"${TARGET_BUILD_DIR}/${UNLOCALIZED_RESOURCES_FOLDER_PATH}/MPMutedBtn@2x.png",
				"${TARGET_BUILD_DIR}/${UNLOCALIZED_RESOURCES_FOLDER_PATH}/MPMutedBtn@3x.png",
				"${TARGET_BUILD_DIR}/${UNLOCALIZED_RESOURCES_FOLDER_PATH}/MPPlayBtn.png",
				"${TARGET_BUILD_DIR}/${UNLOCALIZED_RESOURCES_FOLDER_PATH}/MPPlayBtn@2x.png",
				"${TARGET_BUILD_DIR}/${UNLOCALIZED_RESOURCES_FOLDER_PATH}/MPPlayBtn@3x.png",
				"${TARGET_BUILD_DIR}/${UNLOCALIZED_RESOURCES_FOLDER_PATH}/MPUnmutedBtn.png",
				"${TARGET_BUILD_DIR}/${UNLOCALIZED_RESOURCES_FOLDER_PATH}/MPUnmutedBtn@2x.png",
				"${TARGET_BUILD_DIR}/${UNLOCALIZED_RESOURCES_FOLDER_PATH}/MPUnmutedBtn@3x.png",
				"${TARGET_BUILD_DIR}/${UNLOCALIZED_RESOURCES_FOLDER_PATH}/MRAID.bundle",
				"${TARGET_BUILD_DIR}/${UNLOCALIZED_RESOURCES_FOLDER_PATH}/MPAdapters.plist",
			);
			runOnlyForDeploymentPostprocessing = 0;
			shellPath = /bin/sh;
			shellScript = "\"${PODS_ROOT}/Target Support Files/Pods-AppDemoMoPub/Pods-AppDemoMoPub-resources.sh\"\n";
			showEnvVarsInLog = 0;
		};
		50735D9C491BB1A0985FBA89 /* [CP] Embed Pods Frameworks */ = {
			isa = PBXShellScriptBuildPhase;
			buildActionMask = 2147483647;
			files = (
			);
			inputPaths = (
				"${PODS_ROOT}/Target Support Files/Pods-AppDemoMoPub/Pods-AppDemoMoPub-frameworks.sh",
				"${PODS_ROOT}/YouAppiMoatSDK/YouAppiMoat.framework",
			);
			name = "[CP] Embed Pods Frameworks";
			outputPaths = (
				"${TARGET_BUILD_DIR}/${FRAMEWORKS_FOLDER_PATH}/YouAppiMoat.framework",
			);
			runOnlyForDeploymentPostprocessing = 0;
			shellPath = /bin/sh;
			shellScript = "\"${PODS_ROOT}/Target Support Files/Pods-AppDemoMoPub/Pods-AppDemoMoPub-frameworks.sh\"\n";
			showEnvVarsInLog = 0;
		};
		944B22DF6031454FE3550AFE /* [CP] Check Pods Manifest.lock */ = {
			isa = PBXShellScriptBuildPhase;
			buildActionMask = 2147483647;
			files = (
			);
			inputPaths = (
				"${PODS_PODFILE_DIR_PATH}/Podfile.lock",
				"${PODS_ROOT}/Manifest.lock",
			);
			name = "[CP] Check Pods Manifest.lock";
			outputPaths = (
				"$(DERIVED_FILE_DIR)/Pods-AppDemoMoPub-checkManifestLockResult.txt",
			);
			runOnlyForDeploymentPostprocessing = 0;
			shellPath = /bin/sh;
			shellScript = "diff \"${PODS_PODFILE_DIR_PATH}/Podfile.lock\" \"${PODS_ROOT}/Manifest.lock\" > /dev/null\nif [ $? != 0 ] ; then\n    # print error to STDERR\n    echo \"error: The sandbox is not in sync with the Podfile.lock. Run 'pod install' or update your CocoaPods installation.\" >&2\n    exit 1\nfi\n# This output is used by Xcode 'outputs' to avoid re-running this script phase.\necho \"SUCCESS\" > \"${SCRIPT_OUTPUT_FILE_0}\"\n";
			showEnvVarsInLog = 0;
		};
/* End PBXShellScriptBuildPhase section */

/* Begin PBXSourcesBuildPhase section */
		BE287E652043026B00562044 /* Sources */ = {
			isa = PBXSourcesBuildPhase;
			buildActionMask = 2147483647;
			files = (
				BE287E712043026B00562044 /* ViewController.m in Sources */,
				BE287E7C2043026B00562044 /* main.m in Sources */,
				BE287E6E2043026B00562044 /* AppDelegate.m in Sources */,
			);
			runOnlyForDeploymentPostprocessing = 0;
		};
		BE287E7D2043026B00562044 /* Sources */ = {
			isa = PBXSourcesBuildPhase;
			buildActionMask = 2147483647;
			files = (
				BE287E862043026B00562044 /* AppDemoMoPubTests.m in Sources */,
			);
			runOnlyForDeploymentPostprocessing = 0;
		};
		BE287E882043026B00562044 /* Sources */ = {
			isa = PBXSourcesBuildPhase;
			buildActionMask = 2147483647;
			files = (
				BE287E912043026B00562044 /* AppDemoMoPubUITests.m in Sources */,
			);
			runOnlyForDeploymentPostprocessing = 0;
		};
/* End PBXSourcesBuildPhase section */

/* Begin PBXTargetDependency section */
		BE287E832043026B00562044 /* PBXTargetDependency */ = {
			isa = PBXTargetDependency;
			target = BE287E682043026B00562044 /* AppDemoMoPub */;
			targetProxy = BE287E822043026B00562044 /* PBXContainerItemProxy */;
		};
		BE287E8E2043026B00562044 /* PBXTargetDependency */ = {
			isa = PBXTargetDependency;
			target = BE287E682043026B00562044 /* AppDemoMoPub */;
			targetProxy = BE287E8D2043026B00562044 /* PBXContainerItemProxy */;
		};
/* End PBXTargetDependency section */

/* Begin PBXVariantGroup section */
		BE287E722043026B00562044 /* Main.storyboard */ = {
			isa = PBXVariantGroup;
			children = (
				BE287E732043026B00562044 /* Base */,
			);
			name = Main.storyboard;
			sourceTree = "<group>";
		};
		BE287E772043026B00562044 /* LaunchScreen.storyboard */ = {
			isa = PBXVariantGroup;
			children = (
				BE287E782043026B00562044 /* Base */,
			);
			name = LaunchScreen.storyboard;
			sourceTree = "<group>";
		};
/* End PBXVariantGroup section */

/* Begin XCBuildConfiguration section */
		BE287E932043026B00562044 /* Debug */ = {
			isa = XCBuildConfiguration;
			buildSettings = {
				ALWAYS_SEARCH_USER_PATHS = NO;
				CLANG_ANALYZER_NONNULL = YES;
				CLANG_ANALYZER_NUMBER_OBJECT_CONVERSION = YES_AGGRESSIVE;
				CLANG_CXX_LANGUAGE_STANDARD = "gnu++14";
				CLANG_CXX_LIBRARY = "libc++";
				CLANG_ENABLE_MODULES = YES;
				CLANG_ENABLE_OBJC_ARC = YES;
				CLANG_MODULES_AUTOLINK = YES;
				CLANG_WARN_BLOCK_CAPTURE_AUTORELEASING = YES;
				CLANG_WARN_BOOL_CONVERSION = YES;
				CLANG_WARN_COMMA = YES;
				CLANG_WARN_CONSTANT_CONVERSION = YES;
				CLANG_WARN_DEPRECATED_OBJC_IMPLEMENTATIONS = YES;
				CLANG_WARN_DIRECT_OBJC_ISA_USAGE = YES_ERROR;
				CLANG_WARN_DOCUMENTATION_COMMENTS = YES;
				CLANG_WARN_EMPTY_BODY = YES;
				CLANG_WARN_ENUM_CONVERSION = YES;
				CLANG_WARN_INFINITE_RECURSION = YES;
				CLANG_WARN_INT_CONVERSION = YES;
				CLANG_WARN_NON_LITERAL_NULL_CONVERSION = YES;
				CLANG_WARN_OBJC_IMPLICIT_RETAIN_SELF = YES;
				CLANG_WARN_OBJC_LITERAL_CONVERSION = YES;
				CLANG_WARN_OBJC_ROOT_CLASS = YES_ERROR;
				CLANG_WARN_RANGE_LOOP_ANALYSIS = YES;
				CLANG_WARN_STRICT_PROTOTYPES = YES;
				CLANG_WARN_SUSPICIOUS_MOVE = YES;
				CLANG_WARN_UNGUARDED_AVAILABILITY = YES_AGGRESSIVE;
				CLANG_WARN_UNREACHABLE_CODE = YES;
				CLANG_WARN__DUPLICATE_METHOD_MATCH = YES;
				CODE_SIGN_IDENTITY = "iPhone Developer";
				COPY_PHASE_STRIP = NO;
				DEBUG_INFORMATION_FORMAT = dwarf;
				ENABLE_STRICT_OBJC_MSGSEND = YES;
				ENABLE_TESTABILITY = YES;
				GCC_C_LANGUAGE_STANDARD = gnu11;
				GCC_DYNAMIC_NO_PIC = NO;
				GCC_NO_COMMON_BLOCKS = YES;
				GCC_OPTIMIZATION_LEVEL = 0;
				GCC_PREPROCESSOR_DEFINITIONS = (
					"DEBUG=1",
					"$(inherited)",
				);
				GCC_WARN_64_TO_32_BIT_CONVERSION = YES;
				GCC_WARN_ABOUT_RETURN_TYPE = YES_ERROR;
				GCC_WARN_UNDECLARED_SELECTOR = YES;
				GCC_WARN_UNINITIALIZED_AUTOS = YES_AGGRESSIVE;
				GCC_WARN_UNUSED_FUNCTION = YES;
				GCC_WARN_UNUSED_VARIABLE = YES;
				IPHONEOS_DEPLOYMENT_TARGET = 11.2;
				MTL_ENABLE_DEBUG_INFO = YES;
				ONLY_ACTIVE_ARCH = YES;
				SDKROOT = iphoneos;
			};
			name = Debug;
		};
		BE287E942043026B00562044 /* Release */ = {
			isa = XCBuildConfiguration;
			buildSettings = {
				ALWAYS_SEARCH_USER_PATHS = NO;
				CLANG_ANALYZER_NONNULL = YES;
				CLANG_ANALYZER_NUMBER_OBJECT_CONVERSION = YES_AGGRESSIVE;
				CLANG_CXX_LANGUAGE_STANDARD = "gnu++14";
				CLANG_CXX_LIBRARY = "libc++";
				CLANG_ENABLE_MODULES = YES;
				CLANG_ENABLE_OBJC_ARC = YES;
				CLANG_MODULES_AUTOLINK = YES;
				CLANG_WARN_BLOCK_CAPTURE_AUTORELEASING = YES;
				CLANG_WARN_BOOL_CONVERSION = YES;
				CLANG_WARN_COMMA = YES;
				CLANG_WARN_CONSTANT_CONVERSION = YES;
				CLANG_WARN_DEPRECATED_OBJC_IMPLEMENTATIONS = YES;
				CLANG_WARN_DIRECT_OBJC_ISA_USAGE = YES_ERROR;
				CLANG_WARN_DOCUMENTATION_COMMENTS = YES;
				CLANG_WARN_EMPTY_BODY = YES;
				CLANG_WARN_ENUM_CONVERSION = YES;
				CLANG_WARN_INFINITE_RECURSION = YES;
				CLANG_WARN_INT_CONVERSION = YES;
				CLANG_WARN_NON_LITERAL_NULL_CONVERSION = YES;
				CLANG_WARN_OBJC_IMPLICIT_RETAIN_SELF = YES;
				CLANG_WARN_OBJC_LITERAL_CONVERSION = YES;
				CLANG_WARN_OBJC_ROOT_CLASS = YES_ERROR;
				CLANG_WARN_RANGE_LOOP_ANALYSIS = YES;
				CLANG_WARN_STRICT_PROTOTYPES = YES;
				CLANG_WARN_SUSPICIOUS_MOVE = YES;
				CLANG_WARN_UNGUARDED_AVAILABILITY = YES_AGGRESSIVE;
				CLANG_WARN_UNREACHABLE_CODE = YES;
				CLANG_WARN__DUPLICATE_METHOD_MATCH = YES;
				CODE_SIGN_IDENTITY = "iPhone Developer";
				COPY_PHASE_STRIP = NO;
				DEBUG_INFORMATION_FORMAT = "dwarf-with-dsym";
				ENABLE_NS_ASSERTIONS = NO;
				ENABLE_STRICT_OBJC_MSGSEND = YES;
				GCC_C_LANGUAGE_STANDARD = gnu11;
				GCC_NO_COMMON_BLOCKS = YES;
				GCC_WARN_64_TO_32_BIT_CONVERSION = YES;
				GCC_WARN_ABOUT_RETURN_TYPE = YES_ERROR;
				GCC_WARN_UNDECLARED_SELECTOR = YES;
				GCC_WARN_UNINITIALIZED_AUTOS = YES_AGGRESSIVE;
				GCC_WARN_UNUSED_FUNCTION = YES;
				GCC_WARN_UNUSED_VARIABLE = YES;
				IPHONEOS_DEPLOYMENT_TARGET = 11.2;
				MTL_ENABLE_DEBUG_INFO = NO;
				SDKROOT = iphoneos;
				VALIDATE_PRODUCT = YES;
			};
			name = Release;
		};
		BE287E962043026B00562044 /* Debug */ = {
			isa = XCBuildConfiguration;
			baseConfigurationReference = 1EDC10CBAC328A8F383DBB8B /* Pods-AppDemoMoPub.debug.xcconfig */;
			buildSettings = {
				ALWAYS_EMBED_SWIFT_STANDARD_LIBRARIES = YES;
				ASSETCATALOG_COMPILER_APPICON_NAME = AppIcon;
				CODE_SIGN_STYLE = Automatic;
				DEVELOPMENT_TEAM = 3RD42EKR43;
				FRAMEWORK_SEARCH_PATHS = (
					"$(inherited)",
					"$(PROJECT_DIR)",
					"$(PROJECT_DIR)/AppDemoMoPub/MoPubSDK/Viewability/MOAT",
					"$(PROJECT_DIR)/AppDemoMoPub/MoPubSDK\\ 2/Viewability/MOAT",
				);
				INFOPLIST_FILE = AppDemoMoPub/Info.plist;
				LD_RUNPATH_SEARCH_PATHS = (
					"$(inherited)",
					"@executable_path/Frameworks",
				);
				LIBRARY_SEARCH_PATHS = (
					"$(inherited)",
					"$(PROJECT_DIR)/AppDemoMoPub",
					"$(PROJECT_DIR)/AppDemoMoPub/MoPubSDK/Viewability/Avid",
					"$(PROJECT_DIR)/AppDemoMoPub/MoPubSDK\\ 2/Viewability/Avid",
				);
				OTHER_LDFLAGS = (
					"$(inherited)",
					"-ObjC",
					"-l\"Avid-mopub-3.6.1\"",
					"-l\"mopub-ios-sdk\"",
					"-framework",
					"\"AVFoundation\"",
					"-framework",
					"\"CoreGraphics\"",
					"-framework",
					"\"CoreLocation\"",
					"-framework",
					"\"CoreMedia\"",
					"-framework",
					"\"CoreTelephony\"",
					"-framework",
					"\"Foundation\"",
					"-framework",
					"\"MPUBMoatMobileAppKit\"",
					"-framework",
					"\"MediaPlayer\"",
					"-framework",
					"\"QuartzCore\"",
					"-framework",
					"\"SafariServices\"",
					"-framework",
					"\"SystemConfiguration\"",
					"-framework",
					"\"UIKit\"",
					"-framework",
					"\"YouAppiMoat\"",
					"-weak_framework",
					"\"AdSupport\"",
					"-weak_framework",
					"\"StoreKit\"",
					"-weak_framework",
					"\"WebKit\"",
				);
				PRODUCT_BUNDLE_IDENTIFIER = youappi.MoPub;
				PRODUCT_NAME = "$(TARGET_NAME)";
				TARGETED_DEVICE_FAMILY = "1,2";
				USER_HEADER_SEARCH_PATHS = $SOURCE_ROOT/include;
			};
			name = Debug;
		};
		BE287E972043026B00562044 /* Release */ = {
			isa = XCBuildConfiguration;
			baseConfigurationReference = 572548EDD6FB96FBD9CC52DE /* Pods-AppDemoMoPub.release.xcconfig */;
			buildSettings = {
				ALWAYS_EMBED_SWIFT_STANDARD_LIBRARIES = YES;
				ASSETCATALOG_COMPILER_APPICON_NAME = AppIcon;
				CODE_SIGN_STYLE = Automatic;
				DEVELOPMENT_TEAM = 3RD42EKR43;
				FRAMEWORK_SEARCH_PATHS = (
					"$(inherited)",
					"$(PROJECT_DIR)",
					"$(PROJECT_DIR)/AppDemoMoPub/MoPubSDK/Viewability/MOAT",
					"$(PROJECT_DIR)/AppDemoMoPub/MoPubSDK\\ 2/Viewability/MOAT",
				);
				INFOPLIST_FILE = AppDemoMoPub/Info.plist;
				LD_RUNPATH_SEARCH_PATHS = (
					"$(inherited)",
					"@executable_path/Frameworks",
				);
				LIBRARY_SEARCH_PATHS = (
					"$(inherited)",
					"$(PROJECT_DIR)/AppDemoMoPub",
					"$(PROJECT_DIR)/AppDemoMoPub/MoPubSDK/Viewability/Avid",
					"$(PROJECT_DIR)/AppDemoMoPub/MoPubSDK\\ 2/Viewability/Avid",
				);
				ONLY_ACTIVE_ARCH = NO;
				OTHER_LDFLAGS = (
					"$(inherited)",
					"-ObjC",
					"-l\"Avid-mopub-3.6.1\"",
					"-l\"mopub-ios-sdk\"",
					"-framework",
					"\"AVFoundation\"",
					"-framework",
					"\"CoreGraphics\"",
					"-framework",
					"\"CoreLocation\"",
					"-framework",
					"\"CoreMedia\"",
					"-framework",
					"\"CoreTelephony\"",
					"-framework",
					"\"Foundation\"",
					"-framework",
					"\"MPUBMoatMobileAppKit\"",
					"-framework",
					"\"MediaPlayer\"",
					"-framework",
					"\"QuartzCore\"",
					"-framework",
					"\"SafariServices\"",
					"-framework",
					"\"SystemConfiguration\"",
					"-framework",
					"\"UIKit\"",
					"-framework",
					"\"YouAppiMoat\"",
					"-weak_framework",
					"\"AdSupport\"",
					"-weak_framework",
					"\"StoreKit\"",
					"-weak_framework",
					"\"WebKit\"",
				);
				PRODUCT_BUNDLE_IDENTIFIER = youappi.MoPub;
				PRODUCT_NAME = "$(TARGET_NAME)";
				TARGETED_DEVICE_FAMILY = "1,2";
				USER_HEADER_SEARCH_PATHS = $SOURCE_ROOT/include;
			};
			name = Release;
		};
		BE287E992043026B00562044 /* Debug */ = {
			isa = XCBuildConfiguration;
			buildSettings = {
				BUNDLE_LOADER = "$(TEST_HOST)";
				CODE_SIGN_STYLE = Automatic;
				DEVELOPMENT_TEAM = 54TJADLH4F;
				INFOPLIST_FILE = AppDemoMoPubTests/Info.plist;
				LD_RUNPATH_SEARCH_PATHS = (
					"$(inherited)",
					"@executable_path/Frameworks",
					"@loader_path/Frameworks",
				);
				PRODUCT_BUNDLE_IDENTIFIER = YouAppi.AppDemoMoPubTests;
				PRODUCT_NAME = "$(TARGET_NAME)";
				TARGETED_DEVICE_FAMILY = "1,2";
				TEST_HOST = "$(BUILT_PRODUCTS_DIR)/AppDemoMoPub.app/AppDemoMoPub";
			};
			name = Debug;
		};
		BE287E9A2043026B00562044 /* Release */ = {
			isa = XCBuildConfiguration;
			buildSettings = {
				BUNDLE_LOADER = "$(TEST_HOST)";
				CODE_SIGN_STYLE = Automatic;
				DEVELOPMENT_TEAM = 54TJADLH4F;
				INFOPLIST_FILE = AppDemoMoPubTests/Info.plist;
				LD_RUNPATH_SEARCH_PATHS = (
					"$(inherited)",
					"@executable_path/Frameworks",
					"@loader_path/Frameworks",
				);
				PRODUCT_BUNDLE_IDENTIFIER = YouAppi.AppDemoMoPubTests;
				PRODUCT_NAME = "$(TARGET_NAME)";
				TARGETED_DEVICE_FAMILY = "1,2";
				TEST_HOST = "$(BUILT_PRODUCTS_DIR)/AppDemoMoPub.app/AppDemoMoPub";
			};
			name = Release;
		};
		BE287E9C2043026B00562044 /* Debug */ = {
			isa = XCBuildConfiguration;
			buildSettings = {
				CODE_SIGN_STYLE = Automatic;
				DEVELOPMENT_TEAM = 54TJADLH4F;
				INFOPLIST_FILE = AppDemoMoPubUITests/Info.plist;
				LD_RUNPATH_SEARCH_PATHS = (
					"$(inherited)",
					"@executable_path/Frameworks",
					"@loader_path/Frameworks",
				);
				PRODUCT_BUNDLE_IDENTIFIER = YouAppi.AppDemoMoPubUITests;
				PRODUCT_NAME = "$(TARGET_NAME)";
				TARGETED_DEVICE_FAMILY = "1,2";
				TEST_TARGET_NAME = AppDemoMoPub;
			};
			name = Debug;
		};
		BE287E9D2043026B00562044 /* Release */ = {
			isa = XCBuildConfiguration;
			buildSettings = {
				CODE_SIGN_STYLE = Automatic;
				DEVELOPMENT_TEAM = 54TJADLH4F;
				INFOPLIST_FILE = AppDemoMoPubUITests/Info.plist;
				LD_RUNPATH_SEARCH_PATHS = (
					"$(inherited)",
					"@executable_path/Frameworks",
					"@loader_path/Frameworks",
				);
				PRODUCT_BUNDLE_IDENTIFIER = YouAppi.AppDemoMoPubUITests;
				PRODUCT_NAME = "$(TARGET_NAME)";
				TARGETED_DEVICE_FAMILY = "1,2";
				TEST_TARGET_NAME = AppDemoMoPub;
			};
			name = Release;
		};
/* End XCBuildConfiguration section */

/* Begin XCConfigurationList section */
		BE287E642043026B00562044 /* Build configuration list for PBXProject "AppDemoMoPub" */ = {
			isa = XCConfigurationList;
			buildConfigurations = (
				BE287E932043026B00562044 /* Debug */,
				BE287E942043026B00562044 /* Release */,
			);
			defaultConfigurationIsVisible = 0;
			defaultConfigurationName = Release;
		};
		BE287E952043026B00562044 /* Build configuration list for PBXNativeTarget "AppDemoMoPub" */ = {
			isa = XCConfigurationList;
			buildConfigurations = (
				BE287E962043026B00562044 /* Debug */,
				BE287E972043026B00562044 /* Release */,
			);
			defaultConfigurationIsVisible = 0;
			defaultConfigurationName = Release;
		};
		BE287E982043026B00562044 /* Build configuration list for PBXNativeTarget "AppDemoMoPubTests" */ = {
			isa = XCConfigurationList;
			buildConfigurations = (
				BE287E992043026B00562044 /* Debug */,
				BE287E9A2043026B00562044 /* Release */,
			);
			defaultConfigurationIsVisible = 0;
			defaultConfigurationName = Release;
		};
		BE287E9B2043026B00562044 /* Build configuration list for PBXNativeTarget "AppDemoMoPubUITests" */ = {
			isa = XCConfigurationList;
			buildConfigurations = (
				BE287E9C2043026B00562044 /* Debug */,
				BE287E9D2043026B00562044 /* Release */,
			);
			defaultConfigurationIsVisible = 0;
			defaultConfigurationName = Release;
		};
/* End XCConfigurationList section */
	};
	rootObject = BE287E612043026B00562044 /* Project object */;
}
